{
  "name": "Academia",
  "lockfileVersion": 3,
  "requires": true,
  "packages": {
    "": {
      "dependencies": {
        "bootstrap": "^5.3.8",
        "bootstrap-icons": "^1.13.1",
        "sweetalert2": "^11.26.17"
      },
      "devDependencies": {
        "@angular/platform-browser-dynamic": "^21.1.1"
      }
    },
    "node_modules/@angular/common": {
      "version": "21.1.1",
      "resolved": "https://registry.npmjs.org/@angular/common/-/common-21.1.1.tgz",
      "integrity": "sha512-Di2I6TooHdKun3SqRr45o4LbWJq/ZdwUt3fg0X3obPYaP/f6TrFQ4TMjcl03EfPufPtoQx6O+d32rcWVLhDxyw==",
      "dev": true,
      "license": "MIT",
      "peer": true,
      "dependencies": {
        "tslib": "^2.3.0"
      },
      "engines": {
        "node": "^20.19.0 || ^22.12.0 || >=24.0.0"
      },
      "peerDependencies": {
        "@angular/core": "21.1.1",
        "rxjs": "^6.5.3 || ^7.4.0"
      }
    },
    "node_modules/@angular/compiler": {
      "version": "21.1.1",
      "resolved": "https://registry.npmjs.org/@angular/compiler/-/compiler-21.1.1.tgz",
      "integrity": "sha512-Urd3bh0zv0MQ//S7RRTanIkOMAZH/A7vSMXUDJ3aflplNs7JNbVqBwDNj8NoX1V+os+fd8JRJOReCc1EpH4ZKQ==",
      "dev": true,
      "license": "MIT",
      "peer": true,
      "dependencies": {
        "tslib": "^2.3.0"
      },
      "engines": {
        "node": "^20.19.0 || ^22.12.0 || >=24.0.0"
      }
    },
    "node_modules/@angular/core": {
      "version": "21.1.1",
      "resolved": "https://registry.npmjs.org/@angular/core/-/core-21.1.1.tgz",
      "integrity": "sha512-KFRCEhsi02pY1EqJ5rnze4mzSaacqh14D8goDhtmARiUH0tefaHR+uKyu4bKSrWga2T/ExG0DJX52LhHRs2qSw==",
      "dev": true,
      "license": "MIT",
      "peer": true,
      "dependencies": {
        "tslib": "^2.3.0"
      },
      "engines": {
        "node": "^20.19.0 || ^22.12.0 || >=24.0.0"
      },
      "peerDependencies": {
        "@angular/compiler": "21.1.1",
        "rxjs": "^6.5.3 || ^7.4.0",
        "zone.js": "~0.15.0 || ~0.16.0"
      },
      "peerDependenciesMeta": {
        "@angular/compiler": {
          "optional": true
        },
        "zone.js": {
          "optional": true
        }
      }
    },
    "node_modules/@angular/platform-browser": {
      "version": "21.1.1",
      "resolved": "https://registry.npmjs.org/@angular/platform-browser/-/platform-browser-21.1.1.tgz",
      "integrity": "sha512-d6liZjPz29GUZ6dhxytFL/W2nMsYwPpc/E/vZpr5yV+u+gI2VjbnLbl8SG+jjj0/Hyq7s4aGhEKsRrCJJMXgNw==",
      "dev": true,
      "license": "MIT",
      "peer": true,
      "dependencies": {
        "tslib": "^2.3.0"
      },
      "engines": {
        "node": "^20.19.0 || ^22.12.0 || >=24.0.0"
      },
      "peerDependencies": {
        "@angular/animations": "21.1.1",
        "@angular/common": "21.1.1",
        "@angular/core": "21.1.1"
      },
      "peerDependenciesMeta": {
        "@angular/animations": {
          "optional": true
        }
      }
    },
    "node_modules/@angular/platform-browser-dynamic": {
      "version": "21.1.1",
      "resolved": "https://registry.npmjs.org/@angular/platform-browser-dynamic/-/platform-browser-dynamic-21.1.1.tgz",
      "integrity": "sha512-lawT3bdjXZVmVNXVoPS0UiB8Qxw5jEYXHx2m38JvHGv7/pl0Sgr+wa6f+/4pvTwu3VZb/8ohkVdFicPfrU21Jw==",
      "dev": true,
      "license": "MIT",
      "dependencies": {
        "tslib": "^2.3.0"
      },
      "engines": {
        "node": "^20.19.0 || ^22.12.0 || >=24.0.0"
      },
      "peerDependencies": {
        "@angular/common": "21.1.1",
        "@angular/compiler": "21.1.1",
        "@angular/core": "21.1.1",
        "@angular/platform-browser": "21.1.1"
      }
    },
    "node_modules/@popperjs/core": {
      "version": "2.11.8",
      "resolved": "https://registry.npmjs.org/@popperjs/core/-/core-2.11.8.tgz",
      "integrity": "sha512-P1st0aksCrn9sGZhp8GMYwBnQsbvAWsZAX44oXNNvLHGqAOcoVxmjZiohstwQ7SqKnbR47akdNi+uleWD8+g6A==",
      "license": "MIT",
      "peer": true,
      "funding": {
        "type": "opencollective",
        "url": "https://opencollective.com/popperjs"
      }
    },
    "node_modules/bootstrap": {
      "version": "5.3.8",
      "resolved": "https://registry.npmjs.org/bootstrap/-/bootstrap-5.3.8.tgz",
      "integrity": "sha512-HP1SZDqaLDPwsNiqRqi5NcP0SSXciX2s9E+RyqJIIqGo+vJeN5AJVM98CXmW/Wux0nQ5L7jeWUdplCEf0Ee+tg==",
      "funding": [
        {
          "type": "github",
          "url": "https://github.com/sponsors/twbs"
        },
        {
          "type": "opencollective",
          "url": "https://opencollective.com/bootstrap"
        }
      ],
      "license": "MIT",
      "peerDependencies": {
        "@popperjs/core": "^2.11.8"
      }
    },
    "node_modules/bootstrap-icons": {
      "version": "1.13.1",
      "resolved": "https://registry.npmjs.org/bootstrap-icons/-/bootstrap-icons-1.13.1.tgz",
      "integrity": "sha512-ijombt4v6bv5CLeXvRWKy7CuM3TRTuPEuGaGKvTV5cz65rQSY8RQ2JcHt6b90cBBAC7s8fsf2EkQDldzCoXUjw==",
      "funding": [
        {
          "type": "github",
          "url": "https://github.com/sponsors/twbs"
        },
        {
          "type": "opencollective",
          "url": "https://opencollective.com/bootstrap"
        }
      ],
      "license": "MIT"
    },
    "node_modules/rxjs": {
      "version": "7.8.2",
      "resolved": "https://registry.npmjs.org/rxjs/-/rxjs-7.8.2.tgz",
      "integrity": "sha512-dhKf903U/PQZY6boNNtAGdWbG85WAbjT/1xYoZIC7FAY0yWapOBQVsVrDl58W86//e1VpMNBtRV4MaXfdMySFA==",
      "dev": true,
      "license": "Apache-2.0",
      "peer": true,
      "dependencies": {
        "tslib": "^2.1.0"
      }
    },
    "node_modules/sweetalert2": {
      "version": "11.26.17",
      "resolved": "https://registry.npmjs.org/sweetalert2/-/sweetalert2-11.26.17.tgz",
      "integrity": "sha512-kkaySn1IRfwNlf9AkZVqDmBINDWw9NRR6Ij0O5dBRBOD1+mbtZJWxxR9/pA90nce9E5tIIkJ7SWij4rMWXtA1g==",
      "license": "MIT",
      "funding": {
        "type": "individual",
        "url": "https://github.com/sponsors/limonte"
      }
    },
    "node_modules/tslib": {
      "version": "2.8.1",
      "resolved": "https://registry.npmjs.org/tslib/-/tslib-2.8.1.tgz",
      "integrity": "sha512-oJFu94HQb+KVduSUQL7wnpmqnfmLsOA/nAh6b6EH0wCEoK0/mPeXU6c3wKDV83MkOuHPRHtSXKKU99IBazS/2w==",
      "dev": true,
      "license": "0BSD"
    }
  }
}
